// !$*UTF8*$!
{
	archiveVersion = 1;
	classes = {
	};
	objectVersion = 50;
	objects = {

/* Begin PBXBuildFile section */
		0086CFC32217110F00F7D90C /* ClockTests.swift in Sources */ = {isa = PBXBuildFile; fileRef = 0086CFC22217110F00F7D90C /* ClockTests.swift */; };
		0086CFC522171CDE00F7D90C /* StatementPrinterTests.swift in Sources */ = {isa = PBXBuildFile; fileRef = 0086CFC422171CDE00F7D90C /* StatementPrinterTests.swift */; };
		0086CFC722171EFC00F7D90C /* MockConsole.swift in Sources */ = {isa = PBXBuildFile; fileRef = 0086CFC622171EFC00F7D90C /* MockConsole.swift */; };
		0086CFC92217420800F7D90C /* MockConsoleV0.swift in Sources */ = {isa = PBXBuildFile; fileRef = 0086CFC82217420800F7D90C /* MockConsoleV0.swift */; };
		0086CFCC2217FF0B00F7D90C /* String.swift in Sources */ = {isa = PBXBuildFile; fileRef = 0086CFCB2217FF0B00F7D90C /* String.swift */; };
		B241B60B2215934B00E50408 /* printStatementREADME.md in Resources */ = {isa = PBXBuildFile; fileRef = B241B60A2215934B00E50408 /* printStatementREADME.md */; };
		B241B60E22159E6B00E50408 /* TransactionRepository.swift in Sources */ = {isa = PBXBuildFile; fileRef = B241B60D22159E6B00E50408 /* TransactionRepository.swift */; };
		B241B6112215A1E900E50408 /* MockTransactionRepository.swift in Sources */ = {isa = PBXBuildFile; fileRef = B241B6102215A1E900E50408 /* MockTransactionRepository.swift */; };
		B241B6132215B03E00E50408 /* StatementPrinter.swift in Sources */ = {isa = PBXBuildFile; fileRef = B241B6122215B03E00E50408 /* StatementPrinter.swift */; };
		B241B6152215B0D900E50408 /* Transaction.swift in Sources */ = {isa = PBXBuildFile; fileRef = B241B6142215B0D900E50408 /* Transaction.swift */; };
		B241B6192215B2B000E50408 /* MockStatementPrinter.swift in Sources */ = {isa = PBXBuildFile; fileRef = B241B6182215B2B000E50408 /* MockStatementPrinter.swift */; };
		B255933E2216E7540080363F /* TransactionRepositoryTests.swift in Sources */ = {isa = PBXBuildFile; fileRef = B255933D2216E7540080363F /* TransactionRepositoryTests.swift */; };
		B25593402216F5940080363F /* Clock.swift in Sources */ = {isa = PBXBuildFile; fileRef = B255933F2216F5940080363F /* Clock.swift */; };
		B25593422216F64B0080363F /* MockClock.swift in Sources */ = {isa = PBXBuildFile; fileRef = B25593412216F64B0080363F /* MockClock.swift */; };
		B25593442216F72A0080363F /* Stub.swift in Sources */ = {isa = PBXBuildFile; fileRef = B25593432216F7290080363F /* Stub.swift */; };
		B287CA2422142E49009F49AD /* AppDelegate.swift in Sources */ = {isa = PBXBuildFile; fileRef = B287CA2322142E49009F49AD /* AppDelegate.swift */; };
		B287CA2622142E49009F49AD /* ViewController.swift in Sources */ = {isa = PBXBuildFile; fileRef = B287CA2522142E49009F49AD /* ViewController.swift */; };
		B287CA2922142E49009F49AD /* Main.storyboard in Resources */ = {isa = PBXBuildFile; fileRef = B287CA2722142E49009F49AD /* Main.storyboard */; };
		B287CA2B22142E4A009F49AD /* Assets.xcassets in Resources */ = {isa = PBXBuildFile; fileRef = B287CA2A22142E4A009F49AD /* Assets.xcassets */; };
		B287CA2E22142E4A009F49AD /* LaunchScreen.storyboard in Resources */ = {isa = PBXBuildFile; fileRef = B287CA2C22142E4A009F49AD /* LaunchScreen.storyboard */; };
		B287CA3922142E4A009F49AD /* BankKataTests.swift in Sources */ = {isa = PBXBuildFile; fileRef = B287CA3822142E4A009F49AD /* BankKataTests.swift */; };
		B287CA4422142E4A009F49AD /* BankKataUITests.swift in Sources */ = {isa = PBXBuildFile; fileRef = B287CA4322142E4A009F49AD /* BankKataUITests.swift */; };
		B287CA5322142EC3009F49AD /* Account.swift in Sources */ = {isa = PBXBuildFile; fileRef = B287CA5222142EC3009F49AD /* Account.swift */; };
		B287CA5822143CD8009F49AD /* PrintStatementFeature.swift in Sources */ = {isa = PBXBuildFile; fileRef = B287CA5722143CD8009F49AD /* PrintStatementFeature.swift */; };
		B287CA5B22144E35009F49AD /* Console.swift in Sources */ = {isa = PBXBuildFile; fileRef = B287CA5A22144E35009F49AD /* Console.swift */; };
		B287CA632214635C009F49AD /* NationalAccountTests.swift in Sources */ = {isa = PBXBuildFile; fileRef = B287CA622214635C009F49AD /* NationalAccountTests.swift */; };
/* End PBXBuildFile section */

/* Begin PBXContainerItemProxy section */
		B287CA3522142E4A009F49AD /* PBXContainerItemProxy */ = {
			isa = PBXContainerItemProxy;
			containerPortal = B287CA1822142E49009F49AD /* Project object */;
			proxyType = 1;
			remoteGlobalIDString = B287CA1F22142E49009F49AD;
			remoteInfo = BankKata;
		};
		B287CA4022142E4A009F49AD /* PBXContainerItemProxy */ = {
			isa = PBXContainerItemProxy;
			containerPortal = B287CA1822142E49009F49AD /* Project object */;
			proxyType = 1;
			remoteGlobalIDString = B287CA1F22142E49009F49AD;
			remoteInfo = BankKata;
		};
/* End PBXContainerItemProxy section */

/* Begin PBXFileReference section */
		0086CFC22217110F00F7D90C /* ClockTests.swift */ = {isa = PBXFileReference; lastKnownFileType = sourcecode.swift; path = ClockTests.swift; sourceTree = "<group>"; };
		0086CFC422171CDE00F7D90C /* StatementPrinterTests.swift */ = {isa = PBXFileReference; lastKnownFileType = sourcecode.swift; path = StatementPrinterTests.swift; sourceTree = "<group>"; };
		0086CFC622171EFC00F7D90C /* MockConsole.swift */ = {isa = PBXFileReference; lastKnownFileType = sourcecode.swift; path = MockConsole.swift; sourceTree = "<group>"; };
		0086CFC82217420800F7D90C /* MockConsoleV0.swift */ = {isa = PBXFileReference; fileEncoding = 4; lastKnownFileType = sourcecode.swift; name = MockConsoleV0.swift; path = ../../../../../../Desktop/MockConsoleV0.swift; sourceTree = "<group>"; };
		0086CFCB2217FF0B00F7D90C /* String.swift */ = {isa = PBXFileReference; lastKnownFileType = sourcecode.swift; path = String.swift; sourceTree = "<group>"; };
		B241B60A2215934B00E50408 /* printStatementREADME.md */ = {isa = PBXFileReference; lastKnownFileType = net.daringfireball.markdown; path = printStatementREADME.md; sourceTree = "<group>"; };
		B241B60D22159E6B00E50408 /* TransactionRepository.swift */ = {isa = PBXFileReference; lastKnownFileType = sourcecode.swift; path = TransactionRepository.swift; sourceTree = "<group>"; };
		B241B6102215A1E900E50408 /* MockTransactionRepository.swift */ = {isa = PBXFileReference; lastKnownFileType = sourcecode.swift; path = MockTransactionRepository.swift; sourceTree = "<group>"; };
		B241B6122215B03E00E50408 /* StatementPrinter.swift */ = {isa = PBXFileReference; lastKnownFileType = sourcecode.swift; path = StatementPrinter.swift; sourceTree = "<group>"; };
		B241B6142215B0D900E50408 /* Transaction.swift */ = {isa = PBXFileReference; lastKnownFileType = sourcecode.swift; path = Transaction.swift; sourceTree = "<group>"; };
		B241B6182215B2B000E50408 /* MockStatementPrinter.swift */ = {isa = PBXFileReference; lastKnownFileType = sourcecode.swift; path = MockStatementPrinter.swift; sourceTree = "<group>"; };
		B255933D2216E7540080363F /* TransactionRepositoryTests.swift */ = {isa = PBXFileReference; lastKnownFileType = sourcecode.swift; path = TransactionRepositoryTests.swift; sourceTree = "<group>"; };
		B255933F2216F5940080363F /* Clock.swift */ = {isa = PBXFileReference; lastKnownFileType = sourcecode.swift; path = Clock.swift; sourceTree = "<group>"; };
		B25593412216F64B0080363F /* MockClock.swift */ = {isa = PBXFileReference; lastKnownFileType = sourcecode.swift; path = MockClock.swift; sourceTree = "<group>"; };
		B25593432216F7290080363F /* Stub.swift */ = {isa = PBXFileReference; lastKnownFileType = sourcecode.swift; path = Stub.swift; sourceTree = "<group>"; };
		B287CA2022142E49009F49AD /* BankKata.app */ = {isa = PBXFileReference; explicitFileType = wrapper.application; includeInIndex = 0; path = BankKata.app; sourceTree = BUILT_PRODUCTS_DIR; };
		B287CA2322142E49009F49AD /* AppDelegate.swift */ = {isa = PBXFileReference; lastKnownFileType = sourcecode.swift; path = AppDelegate.swift; sourceTree = "<group>"; };
		B287CA2522142E49009F49AD /* ViewController.swift */ = {isa = PBXFileReference; lastKnownFileType = sourcecode.swift; path = ViewController.swift; sourceTree = "<group>"; };
		B287CA2822142E49009F49AD /* Base */ = {isa = PBXFileReference; lastKnownFileType = file.storyboard; name = Base; path = Base.lproj/Main.storyboard; sourceTree = "<group>"; };
		B287CA2A22142E4A009F49AD /* Assets.xcassets */ = {isa = PBXFileReference; lastKnownFileType = folder.assetcatalog; path = Assets.xcassets; sourceTree = "<group>"; };
		B287CA2D22142E4A009F49AD /* Base */ = {isa = PBXFileReference; lastKnownFileType = file.storyboard; name = Base; path = Base.lproj/LaunchScreen.storyboard; sourceTree = "<group>"; };
		B287CA2F22142E4A009F49AD /* Info.plist */ = {isa = PBXFileReference; lastKnownFileType = text.plist.xml; path = Info.plist; sourceTree = "<group>"; };
		B287CA3422142E4A009F49AD /* BankKataTests.xctest */ = {isa = PBXFileReference; explicitFileType = wrapper.cfbundle; includeInIndex = 0; path = BankKataTests.xctest; sourceTree = BUILT_PRODUCTS_DIR; };
		B287CA3822142E4A009F49AD /* BankKataTests.swift */ = {isa = PBXFileReference; lastKnownFileType = sourcecode.swift; path = BankKataTests.swift; sourceTree = "<group>"; };
		B287CA3A22142E4A009F49AD /* Info.plist */ = {isa = PBXFileReference; lastKnownFileType = text.plist.xml; path = Info.plist; sourceTree = "<group>"; };
		B287CA3F22142E4A009F49AD /* BankKataUITests.xctest */ = {isa = PBXFileReference; explicitFileType = wrapper.cfbundle; includeInIndex = 0; path = BankKataUITests.xctest; sourceTree = BUILT_PRODUCTS_DIR; };
		B287CA4322142E4A009F49AD /* BankKataUITests.swift */ = {isa = PBXFileReference; lastKnownFileType = sourcecode.swift; path = BankKataUITests.swift; sourceTree = "<group>"; };
		B287CA4522142E4A009F49AD /* Info.plist */ = {isa = PBXFileReference; lastKnownFileType = text.plist.xml; path = Info.plist; sourceTree = "<group>"; };
		B287CA5222142EC3009F49AD /* Account.swift */ = {isa = PBXFileReference; lastKnownFileType = sourcecode.swift; path = Account.swift; sourceTree = "<group>"; };
		B287CA5722143CD8009F49AD /* PrintStatementFeature.swift */ = {isa = PBXFileReference; lastKnownFileType = sourcecode.swift; path = PrintStatementFeature.swift; sourceTree = "<group>"; };
		B287CA5A22144E35009F49AD /* Console.swift */ = {isa = PBXFileReference; lastKnownFileType = sourcecode.swift; path = Console.swift; sourceTree = "<group>"; };
		B287CA622214635C009F49AD /* NationalAccountTests.swift */ = {isa = PBXFileReference; lastKnownFileType = sourcecode.swift; path = NationalAccountTests.swift; sourceTree = "<group>"; };
/* End PBXFileReference section */

/* Begin PBXFrameworksBuildPhase section */
		B287CA1D22142E49009F49AD /* Frameworks */ = {
			isa = PBXFrameworksBuildPhase;
			buildActionMask = 2147483647;
			files = (
			);
			runOnlyForDeploymentPostprocessing = 0;
		};
		B287CA3122142E4A009F49AD /* Frameworks */ = {
			isa = PBXFrameworksBuildPhase;
			buildActionMask = 2147483647;
			files = (
			);
			runOnlyForDeploymentPostprocessing = 0;
		};
		B287CA3C22142E4A009F49AD /* Frameworks */ = {
			isa = PBXFrameworksBuildPhase;
			buildActionMask = 2147483647;
			files = (
			);
			runOnlyForDeploymentPostprocessing = 0;
		};
/* End PBXFrameworksBuildPhase section */

/* Begin PBXGroup section */
		0086CFCA2217FEFC00F7D90C /* Extensions */ = {
			isa = PBXGroup;
			children = (
				0086CFCB2217FF0B00F7D90C /* String.swift */,
			);
			path = Extensions;
			sourceTree = "<group>";
		};
		B241B60C22159E5C00E50408 /* Repo */ = {
			isa = PBXGroup;
			children = (
				B241B60D22159E6B00E50408 /* TransactionRepository.swift */,
			);
			path = Repo;
			sourceTree = "<group>";
		};
		B241B60F2215A1D600E50408 /* Repo */ = {
			isa = PBXGroup;
			children = (
				B241B6102215A1E900E50408 /* MockTransactionRepository.swift */,
			);
			path = Repo;
			sourceTree = "<group>";
		};
		B241B6162215B22200E50408 /* Helpers */ = {
			isa = PBXGroup;
			children = (
				B25593432216F7290080363F /* Stub.swift */,
				B241B6172215B23400E50408 /* Model */,
				B287CA5E221455BF009F49AD /* Console */,
				B241B60F2215A1D600E50408 /* Repo */,
			);
			path = Helpers;
			sourceTree = "<group>";
		};
		B241B6172215B23400E50408 /* Model */ = {
			isa = PBXGroup;
			children = (
				B241B6182215B2B000E50408 /* MockStatementPrinter.swift */,
				B25593412216F64B0080363F /* MockClock.swift */,
			);
			path = Model;
			sourceTree = "<group>";
		};
		B255933C2216E73A0080363F /* Repo */ = {
			isa = PBXGroup;
			children = (
				B255933D2216E7540080363F /* TransactionRepositoryTests.swift */,
			);
			path = Repo;
			sourceTree = "<group>";
		};
		B287CA1722142E49009F49AD = {
			isa = PBXGroup;
			children = (
				B287CA2222142E49009F49AD /* BankKata */,
				B287CA3722142E4A009F49AD /* BankKataTests */,
				B287CA4222142E4A009F49AD /* BankKataUITests */,
				B287CA2122142E49009F49AD /* Products */,
			);
			sourceTree = "<group>";
		};
		B287CA2122142E49009F49AD /* Products */ = {
			isa = PBXGroup;
			children = (
				B287CA2022142E49009F49AD /* BankKata.app */,
				B287CA3422142E4A009F49AD /* BankKataTests.xctest */,
				B287CA3F22142E4A009F49AD /* BankKataUITests.xctest */,
			);
			name = Products;
			sourceTree = "<group>";
		};
		B287CA2222142E49009F49AD /* BankKata */ = {
			isa = PBXGroup;
			children = (
				0086CFCA2217FEFC00F7D90C /* Extensions */,
				B241B60C22159E5C00E50408 /* Repo */,
				B287CA5922144D95009F49AD /* Console */,
				B287CA5122142EB1009F49AD /* Model */,
				B287CA2322142E49009F49AD /* AppDelegate.swift */,
				B287CA2522142E49009F49AD /* ViewController.swift */,
				B287CA2722142E49009F49AD /* Main.storyboard */,
				B287CA2A22142E4A009F49AD /* Assets.xcassets */,
				B287CA2C22142E4A009F49AD /* LaunchScreen.storyboard */,
				B287CA2F22142E4A009F49AD /* Info.plist */,
			);
			path = BankKata;
			sourceTree = "<group>";
		};
		B287CA3722142E4A009F49AD /* BankKataTests */ = {
			isa = PBXGroup;
			children = (
				B241B6162215B22200E50408 /* Helpers */,
				B255933C2216E73A0080363F /* Repo */,
				B287CA6122146315009F49AD /* Model */,
				B287CA54221430DA009F49AD /* feature */,
				B287CA3822142E4A009F49AD /* BankKataTests.swift */,
				B287CA3A22142E4A009F49AD /* Info.plist */,
			);
			path = BankKataTests;
			sourceTree = "<group>";
		};
		B287CA4222142E4A009F49AD /* BankKataUITests */ = {
			isa = PBXGroup;
			children = (
				B287CA4322142E4A009F49AD /* BankKataUITests.swift */,
				B287CA4522142E4A009F49AD /* Info.plist */,
			);
			path = BankKataUITests;
			sourceTree = "<group>";
		};
		B287CA5122142EB1009F49AD /* Model */ = {
			isa = PBXGroup;
			children = (
				B287CA5222142EC3009F49AD /* Account.swift */,
				B241B6122215B03E00E50408 /* StatementPrinter.swift */,
				B241B6142215B0D900E50408 /* Transaction.swift */,
				B255933F2216F5940080363F /* Clock.swift */,
			);
			path = Model;
			sourceTree = "<group>";
		};
		B287CA54221430DA009F49AD /* feature */ = {
			isa = PBXGroup;
			children = (
				B287CA5722143CD8009F49AD /* PrintStatementFeature.swift */,
				B241B60A2215934B00E50408 /* printStatementREADME.md */,
			);
			path = feature;
			sourceTree = "<group>";
		};
		B287CA5922144D95009F49AD /* Console */ = {
			isa = PBXGroup;
			children = (
				B287CA5A22144E35009F49AD /* Console.swift */,
			);
			path = Console;
			sourceTree = "<group>";
		};
		B287CA5E221455BF009F49AD /* Console */ = {
			isa = PBXGroup;
			children = (
				0086CFC82217420800F7D90C /* MockConsoleV0.swift */,
				0086CFC622171EFC00F7D90C /* MockConsole.swift */,
			);
			path = Console;
			sourceTree = "<group>";
		};
		B287CA6122146315009F49AD /* Model */ = {
			isa = PBXGroup;
			children = (
				B287CA622214635C009F49AD /* NationalAccountTests.swift */,
				0086CFC22217110F00F7D90C /* ClockTests.swift */,
				0086CFC422171CDE00F7D90C /* StatementPrinterTests.swift */,
			);
			path = Model;
			sourceTree = "<group>";
		};
/* End PBXGroup section */

/* Begin PBXNativeTarget section */
		B287CA1F22142E49009F49AD /* BankKata */ = {
			isa = PBXNativeTarget;
			buildConfigurationList = B287CA4822142E4A009F49AD /* Build configuration list for PBXNativeTarget "BankKata" */;
			buildPhases = (
				B287CA1C22142E49009F49AD /* Sources */,
				B287CA1D22142E49009F49AD /* Frameworks */,
				B287CA1E22142E49009F49AD /* Resources */,
			);
			buildRules = (
			);
			dependencies = (
			);
			name = BankKata;
			productName = BankKata;
			productReference = B287CA2022142E49009F49AD /* BankKata.app */;
			productType = "com.apple.product-type.application";
		};
		B287CA3322142E4A009F49AD /* BankKataTests */ = {
			isa = PBXNativeTarget;
			buildConfigurationList = B287CA4B22142E4A009F49AD /* Build configuration list for PBXNativeTarget "BankKataTests" */;
			buildPhases = (
				B287CA3022142E4A009F49AD /* Sources */,
				B287CA3122142E4A009F49AD /* Frameworks */,
				B287CA3222142E4A009F49AD /* Resources */,
			);
			buildRules = (
			);
			dependencies = (
				B287CA3622142E4A009F49AD /* PBXTargetDependency */,
			);
			name = BankKataTests;
			productName = BankKataTests;
			productReference = B287CA3422142E4A009F49AD /* BankKataTests.xctest */;
			productType = "com.apple.product-type.bundle.unit-test";
		};
		B287CA3E22142E4A009F49AD /* BankKataUITests */ = {
			isa = PBXNativeTarget;
			buildConfigurationList = B287CA4E22142E4A009F49AD /* Build configuration list for PBXNativeTarget "BankKataUITests" */;
			buildPhases = (
				B287CA3B22142E4A009F49AD /* Sources */,
				B287CA3C22142E4A009F49AD /* Frameworks */,
				B287CA3D22142E4A009F49AD /* Resources */,
			);
			buildRules = (
			);
			dependencies = (
				B287CA4122142E4A009F49AD /* PBXTargetDependency */,
			);
			name = BankKataUITests;
			productName = BankKataUITests;
			productReference = B287CA3F22142E4A009F49AD /* BankKataUITests.xctest */;
			productType = "com.apple.product-type.bundle.ui-testing";
		};
/* End PBXNativeTarget section */

/* Begin PBXProject section */
		B287CA1822142E49009F49AD /* Project object */ = {
			isa = PBXProject;
			attributes = {
				LastSwiftUpdateCheck = 1010;
				LastUpgradeCheck = 1010;
				ORGANIZATIONNAME = "Borja Igartua";
				TargetAttributes = {
					B287CA1F22142E49009F49AD = {
						CreatedOnToolsVersion = 10.1;
					};
					B287CA3322142E4A009F49AD = {
						CreatedOnToolsVersion = 10.1;
						TestTargetID = B287CA1F22142E49009F49AD;
					};
					B287CA3E22142E4A009F49AD = {
						CreatedOnToolsVersion = 10.1;
						TestTargetID = B287CA1F22142E49009F49AD;
					};
				};
			};
			buildConfigurationList = B287CA1B22142E49009F49AD /* Build configuration list for PBXProject "BankKata" */;
			compatibilityVersion = "Xcode 9.3";
			developmentRegion = en;
			hasScannedForEncodings = 0;
			knownRegions = (
				en,
				Base,
			);
			mainGroup = B287CA1722142E49009F49AD;
			productRefGroup = B287CA2122142E49009F49AD /* Products */;
			projectDirPath = "";
			projectRoot = "";
			targets = (
				B287CA1F22142E49009F49AD /* BankKata */,
				B287CA3322142E4A009F49AD /* BankKataTests */,
				B287CA3E22142E4A009F49AD /* BankKataUITests */,
			);
		};
/* End PBXProject section */

/* Begin PBXResourcesBuildPhase section */
		B287CA1E22142E49009F49AD /* Resources */ = {
			isa = PBXResourcesBuildPhase;
			buildActionMask = 2147483647;
			files = (
				B287CA2E22142E4A009F49AD /* LaunchScreen.storyboard in Resources */,
				B287CA2B22142E4A009F49AD /* Assets.xcassets in Resources */,
				B287CA2922142E49009F49AD /* Main.storyboard in Resources */,
			);
			runOnlyForDeploymentPostprocessing = 0;
		};
		B287CA3222142E4A009F49AD /* Resources */ = {
			isa = PBXResourcesBuildPhase;
			buildActionMask = 2147483647;
			files = (
				B241B60B2215934B00E50408 /* printStatementREADME.md in Resources */,
			);
			runOnlyForDeploymentPostprocessing = 0;
		};
		B287CA3D22142E4A009F49AD /* Resources */ = {
			isa = PBXResourcesBuildPhase;
			buildActionMask = 2147483647;
			files = (
			);
			runOnlyForDeploymentPostprocessing = 0;
		};
/* End PBXResourcesBuildPhase section */

/* Begin PBXSourcesBuildPhase section */
		B287CA1C22142E49009F49AD /* Sources */ = {
			isa = PBXSourcesBuildPhase;
			buildActionMask = 2147483647;
			files = (
				B287CA2622142E49009F49AD /* ViewController.swift in Sources */,
				B241B6152215B0D900E50408 /* Transaction.swift in Sources */,
				B25593402216F5940080363F /* Clock.swift in Sources */,
				0086CFCC2217FF0B00F7D90C /* String.swift in Sources */,
				B241B60E22159E6B00E50408 /* TransactionRepository.swift in Sources */,
				B287CA2422142E49009F49AD /* AppDelegate.swift in Sources */,
				B287CA5322142EC3009F49AD /* Account.swift in Sources */,
				B287CA5B22144E35009F49AD /* Console.swift in Sources */,
				B241B6132215B03E00E50408 /* StatementPrinter.swift in Sources */,
			);
			runOnlyForDeploymentPostprocessing = 0;
		};
		B287CA3022142E4A009F49AD /* Sources */ = {
			isa = PBXSourcesBuildPhase;
			buildActionMask = 2147483647;
			files = (
				B25593422216F64B0080363F /* MockClock.swift in Sources */,
				B287CA5822143CD8009F49AD /* PrintStatementFeature.swift in Sources */,
				B241B6192215B2B000E50408 /* MockStatementPrinter.swift in Sources */,
				0086CFC32217110F00F7D90C /* ClockTests.swift in Sources */,
				B25593442216F72A0080363F /* Stub.swift in Sources */,
				0086CFC92217420800F7D90C /* MockConsoleV0.swift in Sources */,
				B241B6112215A1E900E50408 /* MockTransactionRepository.swift in Sources */,
				0086CFC722171EFC00F7D90C /* MockConsole.swift in Sources */,
				B287CA3922142E4A009F49AD /* BankKataTests.swift in Sources */,
				B287CA632214635C009F49AD /* NationalAccountTests.swift in Sources */,
				0086CFC522171CDE00F7D90C /* StatementPrinterTests.swift in Sources */,
				B255933E2216E7540080363F /* TransactionRepositoryTests.swift in Sources */,
			);
			runOnlyForDeploymentPostprocessing = 0;
		};
		B287CA3B22142E4A009F49AD /* Sources */ = {
			isa = PBXSourcesBuildPhase;
			buildActionMask = 2147483647;
			files = (
				B287CA4422142E4A009F49AD /* BankKataUITests.swift in Sources */,
			);
			runOnlyForDeploymentPostprocessing = 0;
		};
/* End PBXSourcesBuildPhase section */

/* Begin PBXTargetDependency section */
		B287CA3622142E4A009F49AD /* PBXTargetDependency */ = {
			isa = PBXTargetDependency;
			target = B287CA1F22142E49009F49AD /* BankKata */;
			targetProxy = B287CA3522142E4A009F49AD /* PBXContainerItemProxy */;
		};
		B287CA4122142E4A009F49AD /* PBXTargetDependency */ = {
			isa = PBXTargetDependency;
			target = B287CA1F22142E49009F49AD /* BankKata */;
			targetProxy = B287CA4022142E4A009F49AD /* PBXContainerItemProxy */;
		};
/* End PBXTargetDependency section */

/* Begin PBXVariantGroup section */
		B287CA2722142E49009F49AD /* Main.storyboard */ = {
			isa = PBXVariantGroup;
			children = (
				B287CA2822142E49009F49AD /* Base */,
			);
			name = Main.storyboard;
			sourceTree = "<group>";
		};
		B287CA2C22142E4A009F49AD /* LaunchScreen.storyboard */ = {
			isa = PBXVariantGroup;
			children = (
				B287CA2D22142E4A009F49AD /* Base */,
			);
			name = LaunchScreen.storyboard;
			sourceTree = "<group>";
		};
/* End PBXVariantGroup section */

/* Begin XCBuildConfiguration section */
		B287CA4622142E4A009F49AD /* Debug */ = {
			isa = XCBuildConfiguration;
			buildSettings = {
				ALWAYS_SEARCH_USER_PATHS = NO;
				CLANG_ANALYZER_NONNULL = YES;
				CLANG_ANALYZER_NUMBER_OBJECT_CONVERSION = YES_AGGRESSIVE;
				CLANG_CXX_LANGUAGE_STANDARD = "gnu++14";
				CLANG_CXX_LIBRARY = "libc++";
				CLANG_ENABLE_MODULES = YES;
				CLANG_ENABLE_OBJC_ARC = YES;
				CLANG_ENABLE_OBJC_WEAK = YES;
				CLANG_WARN_BLOCK_CAPTURE_AUTORELEASING = YES;
				CLANG_WARN_BOOL_CONVERSION = YES;
				CLANG_WARN_COMMA = YES;
				CLANG_WARN_CONSTANT_CONVERSION = YES;
				CLANG_WARN_DEPRECATED_OBJC_IMPLEMENTATIONS = YES;
				CLANG_WARN_DIRECT_OBJC_ISA_USAGE = YES_ERROR;
				CLANG_WARN_DOCUMENTATION_COMMENTS = YES;
				CLANG_WARN_EMPTY_BODY = YES;
				CLANG_WARN_ENUM_CONVERSION = YES;
				CLANG_WARN_INFINITE_RECURSION = YES;
				CLANG_WARN_INT_CONVERSION = YES;
				CLANG_WARN_NON_LITERAL_NULL_CONVERSION = YES;
				CLANG_WARN_OBJC_IMPLICIT_RETAIN_SELF = YES;
				CLANG_WARN_OBJC_LITERAL_CONVERSION = YES;
				CLANG_WARN_OBJC_ROOT_CLASS = YES_ERROR;
				CLANG_WARN_RANGE_LOOP_ANALYSIS = YES;
				CLANG_WARN_STRICT_PROTOTYPES = YES;
				CLANG_WARN_SUSPICIOUS_MOVE = YES;
				CLANG_WARN_UNGUARDED_AVAILABILITY = YES_AGGRESSIVE;
				CLANG_WARN_UNREACHABLE_CODE = YES;
				CLANG_WARN__DUPLICATE_METHOD_MATCH = YES;
				CODE_SIGN_IDENTITY = "iPhone Developer";
				COPY_PHASE_STRIP = NO;
				DEBUG_INFORMATION_FORMAT = dwarf;
				ENABLE_STRICT_OBJC_MSGSEND = YES;
				ENABLE_TESTABILITY = YES;
				GCC_C_LANGUAGE_STANDARD = gnu11;
				GCC_DYNAMIC_NO_PIC = NO;
				GCC_NO_COMMON_BLOCKS = YES;
				GCC_OPTIMIZATION_LEVEL = 0;
				GCC_PREPROCESSOR_DEFINITIONS = (
					"DEBUG=1",
					"$(inherited)",
				);
				GCC_WARN_64_TO_32_BIT_CONVERSION = YES;
				GCC_WARN_ABOUT_RETURN_TYPE = YES_ERROR;
				GCC_WARN_UNDECLARED_SELECTOR = YES;
				GCC_WARN_UNINITIALIZED_AUTOS = YES_AGGRESSIVE;
				GCC_WARN_UNUSED_FUNCTION = YES;
				GCC_WARN_UNUSED_VARIABLE = YES;
				IPHONEOS_DEPLOYMENT_TARGET = 12.1;
				MTL_ENABLE_DEBUG_INFO = INCLUDE_SOURCE;
				MTL_FAST_MATH = YES;
				ONLY_ACTIVE_ARCH = YES;
				SDKROOT = iphoneos;
				SWIFT_ACTIVE_COMPILATION_CONDITIONS = DEBUG;
				SWIFT_OPTIMIZATION_LEVEL = "-Onone";
			};
			name = Debug;
		};
		B287CA4722142E4A009F49AD /* Release */ = {
			isa = XCBuildConfiguration;
			buildSettings = {
				ALWAYS_SEARCH_USER_PATHS = NO;
				CLANG_ANALYZER_NONNULL = YES;
				CLANG_ANALYZER_NUMBER_OBJECT_CONVERSION = YES_AGGRESSIVE;
				CLANG_CXX_LANGUAGE_STANDARD = "gnu++14";
				CLANG_CXX_LIBRARY = "libc++";
				CLANG_ENABLE_MODULES = YES;
				CLANG_ENABLE_OBJC_ARC = YES;
				CLANG_ENABLE_OBJC_WEAK = YES;
				CLANG_WARN_BLOCK_CAPTURE_AUTORELEASING = YES;
				CLANG_WARN_BOOL_CONVERSION = YES;
				CLANG_WARN_COMMA = YES;
				CLANG_WARN_CONSTANT_CONVERSION = YES;
				CLANG_WARN_DEPRECATED_OBJC_IMPLEMENTATIONS = YES;
				CLANG_WARN_DIRECT_OBJC_ISA_USAGE = YES_ERROR;
				CLANG_WARN_DOCUMENTATION_COMMENTS = YES;
				CLANG_WARN_EMPTY_BODY = YES;
				CLANG_WARN_ENUM_CONVERSION = YES;
				CLANG_WARN_INFINITE_RECURSION = YES;
				CLANG_WARN_INT_CONVERSION = YES;
				CLANG_WARN_NON_LITERAL_NULL_CONVERSION = YES;
				CLANG_WARN_OBJC_IMPLICIT_RETAIN_SELF = YES;
				CLANG_WARN_OBJC_LITERAL_CONVERSION = YES;
				CLANG_WARN_OBJC_ROOT_CLASS = YES_ERROR;
				CLANG_WARN_RANGE_LOOP_ANALYSIS = YES;
				CLANG_WARN_STRICT_PROTOTYPES = YES;
				CLANG_WARN_SUSPICIOUS_MOVE = YES;
				CLANG_WARN_UNGUARDED_AVAILABILITY = YES_AGGRESSIVE;
				CLANG_WARN_UNREACHABLE_CODE = YES;
				CLANG_WARN__DUPLICATE_METHOD_MATCH = YES;
				CODE_SIGN_IDENTITY = "iPhone Developer";
				COPY_PHASE_STRIP = NO;
				DEBUG_INFORMATION_FORMAT = "dwarf-with-dsym";
				ENABLE_NS_ASSERTIONS = NO;
				ENABLE_STRICT_OBJC_MSGSEND = YES;
				GCC_C_LANGUAGE_STANDARD = gnu11;
				GCC_NO_COMMON_BLOCKS = YES;
				GCC_WARN_64_TO_32_BIT_CONVERSION = YES;
				GCC_WARN_ABOUT_RETURN_TYPE = YES_ERROR;
				GCC_WARN_UNDECLARED_SELECTOR = YES;
				GCC_WARN_UNINITIALIZED_AUTOS = YES_AGGRESSIVE;
				GCC_WARN_UNUSED_FUNCTION = YES;
				GCC_WARN_UNUSED_VARIABLE = YES;
				IPHONEOS_DEPLOYMENT_TARGET = 12.1;
				MTL_ENABLE_DEBUG_INFO = NO;
				MTL_FAST_MATH = YES;
				SDKROOT = iphoneos;
				SWIFT_COMPILATION_MODE = wholemodule;
				SWIFT_OPTIMIZATION_LEVEL = "-O";
				VALIDATE_PRODUCT = YES;
			};
			name = Release;
		};
		B287CA4922142E4A009F49AD /* Debug */ = {
			isa = XCBuildConfiguration;
			buildSettings = {
				ASSETCATALOG_COMPILER_APPICON_NAME = AppIcon;
				CODE_SIGN_STYLE = Automatic;
				DEVELOPMENT_TEAM = KN5VZHHFA6;
				INFOPLIST_FILE = BankKata/Info.plist;
				LD_RUNPATH_SEARCH_PATHS = (
					"$(inherited)",
					"@executable_path/Frameworks",
				);
				PRODUCT_BUNDLE_IDENTIFIER = de.appsfactory.BankKata;
				PRODUCT_NAME = "$(TARGET_NAME)";
				SWIFT_VERSION = 4.2;
				TARGETED_DEVICE_FAMILY = "1,2";
			};
			name = Debug;
		};
		B287CA4A22142E4A009F49AD /* Release */ = {
			isa = XCBuildConfiguration;
			buildSettings = {
				ASSETCATALOG_COMPILER_APPICON_NAME = AppIcon;
				CODE_SIGN_STYLE = Automatic;
				DEVELOPMENT_TEAM = KN5VZHHFA6;
				INFOPLIST_FILE = BankKata/Info.plist;
				LD_RUNPATH_SEARCH_PATHS = (
					"$(inherited)",
					"@executable_path/Frameworks",
				);
				PRODUCT_BUNDLE_IDENTIFIER = de.appsfactory.BankKata;
				PRODUCT_NAME = "$(TARGET_NAME)";
				SWIFT_VERSION = 4.2;
				TARGETED_DEVICE_FAMILY = "1,2";
			};
			name = Release;
		};
		B287CA4C22142E4A009F49AD /* Debug */ = {
			isa = XCBuildConfiguration;
			buildSettings = {
				ALWAYS_EMBED_SWIFT_STANDARD_LIBRARIES = YES;
				BUNDLE_LOADER = "$(TEST_HOST)";
				CODE_SIGN_STYLE = Automatic;
				DEVELOPMENT_TEAM = KN5VZHHFA6;
				INFOPLIST_FILE = BankKataTests/Info.plist;
				LD_RUNPATH_SEARCH_PATHS = (
					"$(inherited)",
					"@executable_path/Frameworks",
					"@loader_path/Frameworks",
				);
				PRODUCT_BUNDLE_IDENTIFIER = de.appsfactory.BankKataTests;
				PRODUCT_NAME = "$(TARGET_NAME)";
				SWIFT_VERSION = 4.2;
				TARGETED_DEVICE_FAMILY = "1,2";
				TEST_HOST = "$(BUILT_PRODUCTS_DIR)/BankKata.app/BankKata";
			};
			name = Debug;
		};
		B287CA4D22142E4A009F49AD /* Release */ = {
			isa = XCBuildConfiguration;
			buildSettings = {
				ALWAYS_EMBED_SWIFT_STANDARD_LIBRARIES = YES;
				BUNDLE_LOADER = "$(TEST_HOST)";
				CODE_SIGN_STYLE = Automatic;
				DEVELOPMENT_TEAM = KN5VZHHFA6;
				INFOPLIST_FILE = BankKataTests/Info.plist;
				LD_RUNPATH_SEARCH_PATHS = (
					"$(inherited)",
					"@executable_path/Frameworks",
					"@loader_path/Frameworks",
				);
				PRODUCT_BUNDLE_IDENTIFIER = de.appsfactory.BankKataTests;
				PRODUCT_NAME = "$(TARGET_NAME)";
				SWIFT_VERSION = 4.2;
				TARGETED_DEVICE_FAMILY = "1,2";
				TEST_HOST = "$(BUILT_PRODUCTS_DIR)/BankKata.app/BankKata";
			};
			name = Release;
		};
		B287CA4F22142E4A009F49AD /* Debug */ = {
			isa = XCBuildConfiguration;
			buildSettings = {
				ALWAYS_EMBED_SWIFT_STANDARD_LIBRARIES = YES;
				CODE_SIGN_STYLE = Automatic;
				DEVELOPMENT_TEAM = KN5VZHHFA6;
				INFOPLIST_FILE = BankKataUITests/Info.plist;
				LD_RUNPATH_SEARCH_PATHS = (
					"$(inherited)",
					"@executable_path/Frameworks",
					"@loader_path/Frameworks",
				);
				PRODUCT_BUNDLE_IDENTIFIER = de.appsfactory.BankKataUITests;
				PRODUCT_NAME = "$(TARGET_NAME)";
				SWIFT_VERSION = 4.2;
				TARGETED_DEVICE_FAMILY = "1,2";
				TEST_TARGET_NAME = BankKata;
			};
			name = Debug;
		};
		B287CA5022142E4A009F49AD /* Release */ = {
			isa = XCBuildConfiguration;
			buildSettings = {
				ALWAYS_EMBED_SWIFT_STANDARD_LIBRARIES = YES;
				CODE_SIGN_STYLE = Automatic;
				DEVELOPMENT_TEAM = KN5VZHHFA6;
				INFOPLIST_FILE = BankKataUITests/Info.plist;
				LD_RUNPATH_SEARCH_PATHS = (
					"$(inherited)",
					"@executable_path/Frameworks",
					"@loader_path/Frameworks",
				);
				PRODUCT_BUNDLE_IDENTIFIER = de.appsfactory.BankKataUITests;
				PRODUCT_NAME = "$(TARGET_NAME)";
				SWIFT_VERSION = 4.2;
				TARGETED_DEVICE_FAMILY = "1,2";
				TEST_TARGET_NAME = BankKata;
			};
			name = Release;
		};
/* End XCBuildConfiguration section */

/* Begin XCConfigurationList section */
		B287CA1B22142E49009F49AD /* Build configuration list for PBXProject "BankKata" */ = {
			isa = XCConfigurationList;
			buildConfigurations = (
				B287CA4622142E4A009F49AD /* Debug */,
				B287CA4722142E4A009F49AD /* Release */,
			);
			defaultConfigurationIsVisible = 0;
			defaultConfigurationName = Release;
		};
		B287CA4822142E4A009F49AD /* Build configuration list for PBXNativeTarget "BankKata" */ = {
			isa = XCConfigurationList;
			buildConfigurations = (
				B287CA4922142E4A009F49AD /* Debug */,
				B287CA4A22142E4A009F49AD /* Release */,
			);
			defaultConfigurationIsVisible = 0;
			defaultConfigurationName = Release;
		};
		B287CA4B22142E4A009F49AD /* Build configuration list for PBXNativeTarget "BankKataTests" */ = {
			isa = XCConfigurationList;
			buildConfigurations = (
				B287CA4C22142E4A009F49AD /* Debug */,
				B287CA4D22142E4A009F49AD /* Release */,
			);
			defaultConfigurationIsVisible = 0;
			defaultConfigurationName = Release;
		};
		B287CA4E22142E4A009F49AD /* Build configuration list for PBXNativeTarget "BankKataUITests" */ = {
			isa = XCConfigurationList;
			buildConfigurations = (
				B287CA4F22142E4A009F49AD /* Debug */,
				B287CA5022142E4A009F49AD /* Release */,
			);
			defaultConfigurationIsVisible = 0;
			defaultConfigurationName = Release;
		};
/* End XCConfigurationList section */
	};
	rootObject = B287CA1822142E49009F49AD /* Project object */;
}
